schema: '2.0'
stages:
  preprocess:
    cmd: python src/preprocess.py --input data/dataset_v2.csv --output 
      data/processed.parquet --params params.yaml
    deps:
    - path: data/dataset_v2.csv
      hash: md5
      md5: d5d2b512960cb9af7b357126fde1e270
      size: 1848015
    - path: params.yaml
      hash: md5
      md5: 43b47c5a8514dab4ab6497cd2d59e570
      size: 1473
    - path: src/preprocess.py
      hash: md5
      md5: 1a75765544a23bfa8eaa9a87e0e06db0
      size: 405
    outs:
    - path: data/processed.parquet
      hash: md5
      md5: bad3fe5f43fc6a0d8652fcd7a1e120a8
      size: 1822601
  train:
    cmd: python src/train.py --data data/processed.parquet --models-config 
      params.yaml --out-dir artifacts
    deps:
    - path: data/processed.parquet
      hash: md5
      md5: bad3fe5f43fc6a0d8652fcd7a1e120a8
      size: 1822601
    - path: params.yaml
      hash: md5
      md5: 43b47c5a8514dab4ab6497cd2d59e570
      size: 1473
    - path: src/train.py
      hash: md5
      md5: bc6c97192f50385225145086566b7b86
      size: 3212
    outs:
    - path: artifacts
      hash: md5
      md5: 9d7c2ffeca7f7aab9b426cf925a2c7d6.dir
      size: 2780718
      nfiles: 5
  evaluate:
    cmd: python src/evaluate.py --models-dir artifacts --report results.csv 
      --metrics metrics.json
    deps:
    - path: artifacts
      hash: md5
      md5: 9d7c2ffeca7f7aab9b426cf925a2c7d6.dir
      size: 2780718
      nfiles: 5
    - path: src/evaluate.py
      hash: md5
      md5: 13b605c5d1df3b27784b7b17b55aec3b
      size: 1809
    outs:
    - path: metrics.json
      hash: md5
      md5: 3521813870c4696957640ca897e90a8c
      size: 141
    - path: results.csv
      hash: md5
      md5: 54504173738c71dfa033ddd36d15d47c
      size: 531
