schema: '2.0'
stages:
  preprocess:
    cmd: python src/preprocess.py --input data/dataset_v1.csv --output 
      data/processed.parquet --params params.yaml
    deps:
    - path: data/dataset_v1.csv
      hash: md5
      md5: fa9fe4cf24f70b69ac65fb33062ddf34
      size: 1915795
    - path: params.yaml
      hash: md5
      md5: cdf29960d1e830aa847633e9b5fd1ab6
      size: 1473
    - path: src/preprocess.py
      hash: md5
      md5: 1a75765544a23bfa8eaa9a87e0e06db0
      size: 405
    outs:
    - path: data/processed.parquet
      hash: md5
      md5: 9a2b8172906a0ab9676a81f01a908368
      size: 1889448
  train:
    cmd: python src/train.py --data data/processed.parquet --models-config 
      params.yaml --out-dir artifacts
    deps:
    - path: data/processed.parquet
      hash: md5
      md5: 9a2b8172906a0ab9676a81f01a908368
      size: 1889448
    - path: params.yaml
      hash: md5
      md5: cdf29960d1e830aa847633e9b5fd1ab6
      size: 1473
    - path: src/train.py
      hash: md5
      md5: bc6c97192f50385225145086566b7b86
      size: 3212
    outs:
    - path: artifacts
      hash: md5
      md5: d9e4bce288c934704df564f9073de2ed.dir
      size: 2793246
      nfiles: 5
  evaluate:
    cmd: python src/evaluate.py --models-dir artifacts --report results.csv 
      --metrics metrics.json
    deps:
    - path: artifacts
      hash: md5
      md5: d9e4bce288c934704df564f9073de2ed.dir
      size: 2793246
      nfiles: 5
    - path: src/evaluate.py
      hash: md5
      md5: 13b605c5d1df3b27784b7b17b55aec3b
      size: 1809
    outs:
    - path: metrics.json
      hash: md5
      md5: 6b15e26dd8b85220a64522b1461db99d
      size: 141
    - path: results.csv
      hash: md5
      md5: e6c23a92af8a4f9a3c89b8639a98dec8
      size: 529
